# This file is automatically @generated by Cargo.
# It is not intended for manual editing.
version = 4

[[package]]
name = "bsp-pru"
version = "0.1.0"
dependencies = [
 "precision-replay-core",
]

[[package]]
name = "bsp-stm32"
version = "0.1.0"
dependencies = [
 "precision-replay-core",
]

[[package]]
name = "precision-replay-core"
version = "0.1.0"

[[package]]
name = "pru-runner"
version = "0.1.0"
dependencies = [
 "bsp-pru",
 "precision-replay-core",
]

[[package]]
name = "stm32-runner"
version = "0.1.0"
dependencies = [
 "bsp-stm32",
 "precision-replay-core",
]
